<?xml version="1.0" encoding="utf-8"?>
<Project ToolsVersion="4.0" xmlns="http://schemas.microsoft.com/developer/msbuild/2003">
  <ItemGroup>
    <Filter Include="API_Framework">
      <UniqueIdentifier>{563e6488-945b-454f-865d-b79d8a0c8b38}</UniqueIdentifier>
    </Filter>
    <Filter Include="API_Framework\DesignPattern">
      <UniqueIdentifier>{53b41d63-6a4f-463a-beb7-a9437b2fa41a}</UniqueIdentifier>
    </Filter>
    <Filter Include="API_Framework\DesignPattern\SingletonBase">
      <UniqueIdentifier>{5dbbe8ee-88c2-4374-a3c6-3e20dceedb55}</UniqueIdentifier>
    </Filter>
    <Filter Include="API_Framework\GameNode">
      <UniqueIdentifier>{df2286c5-4317-4ac6-b2a4-4e1e480d2c88}</UniqueIdentifier>
    </Filter>
    <Filter Include="API_Framework\GameNode\MainGame">
      <UniqueIdentifier>{8009e85d-dead-487c-98d2-156e368de9b2}</UniqueIdentifier>
    </Filter>
    <Filter Include="API_Framework\Image">
      <UniqueIdentifier>{b08b2f36-a0d2-4190-a1e4-42d82be7e2ee}</UniqueIdentifier>
    </Filter>
    <Filter Include="API_Framework\Image\Animation">
      <UniqueIdentifier>{cfb1d18c-7289-4343-aad8-f6799630c15f}</UniqueIdentifier>
    </Filter>
    <Filter Include="API_Framework\Image\Animator">
      <UniqueIdentifier>{6473f256-c2da-4ee9-9d0a-65dfa116153a}</UniqueIdentifier>
    </Filter>
    <Filter Include="API_Framework\Manager">
      <UniqueIdentifier>{f3853c5c-843f-4091-a22c-28bca57c5993}</UniqueIdentifier>
    </Filter>
    <Filter Include="API_Framework\Manager\FontManager">
      <UniqueIdentifier>{fe3fcf75-d64f-405f-8c4f-89d9d9da6445}</UniqueIdentifier>
    </Filter>
    <Filter Include="API_Framework\Manager\ImageManager">
      <UniqueIdentifier>{01d7417d-9deb-4ea2-bd3a-dd1438afb611}</UniqueIdentifier>
    </Filter>
    <Filter Include="API_Framework\Manager\KeyManager">
      <UniqueIdentifier>{ae46ff48-4dce-4507-8613-d90a9f192c80}</UniqueIdentifier>
    </Filter>
    <Filter Include="API_Framework\Manager\SceneManager">
      <UniqueIdentifier>{07359fe2-b7fe-4dc3-8aaa-68bfb983d865}</UniqueIdentifier>
    </Filter>
    <Filter Include="API_Framework\StateMachine">
      <UniqueIdentifier>{28bb727e-7044-49ce-a50b-8ad1ee367719}</UniqueIdentifier>
    </Filter>
    <Filter Include="API_Framework\StateMachine\PlayerStateMachine">
      <UniqueIdentifier>{75b30b8e-c4bc-4ab6-b5d1-d9af4f5ec516}</UniqueIdentifier>
    </Filter>
    <Filter Include="API_Framework\Utility">
      <UniqueIdentifier>{f8cc65f8-668e-449f-bca6-832343a0f056}</UniqueIdentifier>
    </Filter>
    <Filter Include="API_Framework\Stdafx">
      <UniqueIdentifier>{ab8b1469-bb2c-4147-8ae0-125f83ff391c}</UniqueIdentifier>
    </Filter>
    <Filter Include="API_Framework\Utility\CommonClasses">
      <UniqueIdentifier>{9fa3fc46-4f5a-4a81-9bfb-160013ccb383}</UniqueIdentifier>
    </Filter>
    <Filter Include="API_Framework\Manager\TimeManager">
      <UniqueIdentifier>{d379916a-ec57-4029-8520-e75548d5a0d6}</UniqueIdentifier>
    </Filter>
    <Filter Include="API_Framework\Manager\TimeManager\Timer">
      <UniqueIdentifier>{e8a6a673-ab39-48a8-ba6c-9c7d45088563}</UniqueIdentifier>
    </Filter>
    <Filter Include="API_Framework\Manager\SoundManager">
      <UniqueIdentifier>{ac54715c-c036-45b9-9f10-37d459e60d1d}</UniqueIdentifier>
    </Filter>
    <Filter Include="API_Framework\Scene">
      <UniqueIdentifier>{9e13517c-554f-4d70-a9fd-8d25df7b9b9d}</UniqueIdentifier>
    </Filter>
    <Filter Include="API_Framework\Scene\TitleScene">
      <UniqueIdentifier>{92e11a76-8ba0-4ce3-a30d-1fb301647efd}</UniqueIdentifier>
    </Filter>
    <Filter Include="API_Framework\Scene\EndScene">
      <UniqueIdentifier>{4b1c4a3f-ff23-4bc9-a5be-84f92b2f4cba}</UniqueIdentifier>
    </Filter>
    <Filter Include="API_Framework\Manager\XmlManager">
      <UniqueIdentifier>{9dc237ac-7ace-4144-b93b-79b0a0659635}</UniqueIdentifier>
    </Filter>
    <Filter Include="API_Framework\Manager\XmlManager\TinyXml">
      <UniqueIdentifier>{c6b07a7b-9c74-430a-b792-266b65c4ec28}</UniqueIdentifier>
    </Filter>
    <Filter Include="API_Framework\Utility\Constants">
      <UniqueIdentifier>{cc9c41b7-f0f0-401f-960f-b2e01c594927}</UniqueIdentifier>
    </Filter>
    <Filter Include="API_Framework\Utility\Enums">
      <UniqueIdentifier>{34436c27-01a8-4501-aef6-36b0670933ff}</UniqueIdentifier>
    </Filter>
    <Filter Include="API_Framework\Utility\RandomFunction">
      <UniqueIdentifier>{45b830a9-df94-4976-842d-6097614149a5}</UniqueIdentifier>
    </Filter>
    <Filter Include="API_Framework\Utility\CommonFunction">
      <UniqueIdentifier>{e48ed1ce-530f-4bb6-8b10-63caeea71e3d}</UniqueIdentifier>
    </Filter>
    <Filter Include="API_Framework\Manager\JsonManager">
      <UniqueIdentifier>{83d2a079-d573-494d-a7d9-5703f4950d09}</UniqueIdentifier>
    </Filter>
    <Filter Include="API_Framework\DesignPattern\ComponentBase">
      <UniqueIdentifier>{b5fa7641-cb4f-4142-b286-efc2c9722e0a}</UniqueIdentifier>
    </Filter>
    <Filter Include="API_Framework\DesignPattern\ComponentBase\Component">
      <UniqueIdentifier>{5ff51bbc-a7c3-41e4-a890-6441528bcb6e}</UniqueIdentifier>
    </Filter>
    <Filter Include="API_Framework\DesignPattern\ComponentBase\Component\Transform">
      <UniqueIdentifier>{f8df97f7-6258-46fa-8681-8007bb0691ce}</UniqueIdentifier>
    </Filter>
    <Filter Include="API_Framework\DesignPattern\ComponentBase\Component\Behaviour">
      <UniqueIdentifier>{0696ebfd-8653-4d36-ae23-10b08850f163}</UniqueIdentifier>
    </Filter>
    <Filter Include="API_Framework\DesignPattern\ComponentBase\Component\Behaviour\MonoBehaviour">
      <UniqueIdentifier>{7603f4b4-8063-4bd9-b812-5f719b922ccc}</UniqueIdentifier>
    </Filter>
    <Filter Include="API_Framework\DesignPattern\ComponentBase\Component\RectTransform">
      <UniqueIdentifier>{faf8f5a3-f4d6-4caa-b32f-185d6932f530}</UniqueIdentifier>
    </Filter>
    <Filter Include="API_Framework\DesignPattern\ComponentBase\Component\Rendered">
      <UniqueIdentifier>{727c2a6b-6e73-4583-8c01-e56aa4f6b9c5}</UniqueIdentifier>
    </Filter>
    <Filter Include="API_Framework\DesignPattern\ComponentBase\Component\Rendered\RenderedImage">
      <UniqueIdentifier>{94264f3f-a551-428c-8a17-fd2fc4cff9e8}</UniqueIdentifier>
    </Filter>
    <Filter Include="API_Framework\DesignPattern\ComponentBase\Component\Rendered\RenderedAnimator">
      <UniqueIdentifier>{a5612741-6845-405b-b852-6405853b873d}</UniqueIdentifier>
    </Filter>
    <Filter Include="API_Framework\DesignPattern\ComponentBase\Component\Button">
      <UniqueIdentifier>{04612c0f-0290-4c16-b6b5-f63fb9426793}</UniqueIdentifier>
    </Filter>
    <Filter Include="API_Framework\DesignPattern\ComponentBase\Component\Bar">
      <UniqueIdentifier>{2dad2281-01c2-41a0-89ee-be3deb0bdc0b}</UniqueIdentifier>
    </Filter>
    <Filter Include="API_Framework\DesignPattern\ComponentBase\Component\Rigidbody">
      <UniqueIdentifier>{2c80a90f-0ea2-48c9-9ed5-6776c2440632}</UniqueIdentifier>
    </Filter>
    <Filter Include="API_Framework\DesignPattern\ComponentBase\Component\Collider">
      <UniqueIdentifier>{0457f228-5ab5-49a2-9805-2a4d42ea9743}</UniqueIdentifier>
    </Filter>
    <Filter Include="API_Framework\DesignPattern\ComponentBase\GameObject">
      <UniqueIdentifier>{7d4220be-4b76-438c-a325-68bef59f2245}</UniqueIdentifier>
    </Filter>
    <Filter Include="API_Framework\DesignPattern\FactoryMethodBase">
      <UniqueIdentifier>{04200f47-9317-44ac-8628-3d2bfbeb2ff5}</UniqueIdentifier>
    </Filter>
    <Filter Include="API_Framework\DesignPattern\FactoryMethodBase\ProductBase">
      <UniqueIdentifier>{c837b262-4967-41b1-bad6-c9782636d83d}</UniqueIdentifier>
    </Filter>
    <Filter Include="API_Framework\Manager\CameraManager">
      <UniqueIdentifier>{82863b2a-bd1c-4f5d-b77f-2b3c43c5d13f}</UniqueIdentifier>
    </Filter>
    <Filter Include="API_Framework\Script">
      <UniqueIdentifier>{26248d9c-d1fa-4381-ae8e-07f8269a2db6}</UniqueIdentifier>
    </Filter>
    <Filter Include="API_Framework\Script\Player">
      <UniqueIdentifier>{130f0845-1c04-4e90-ab01-c310aa0f2b89}</UniqueIdentifier>
    </Filter>
    <Filter Include="API_Framework\Manager\GameDataManager">
      <UniqueIdentifier>{eb1703ba-5267-4b52-a76e-1d97aedd0ba2}</UniqueIdentifier>
    </Filter>
    <Filter Include="API_Framework\Manager\MapDataManager">
      <UniqueIdentifier>{ec011cc5-ba0a-48e9-847c-71c971dbecef}</UniqueIdentifier>
    </Filter>
    <Filter Include="API_Framework\Scene\TownScene">
      <UniqueIdentifier>{d037730e-4aad-4ebc-9adf-75df010b92c6}</UniqueIdentifier>
    </Filter>
    <Filter Include="API_Framework\Scene\GuildScene">
      <UniqueIdentifier>{3887d17f-eb38-4033-a586-4f5127031886}</UniqueIdentifier>
    </Filter>
    <Filter Include="API_Framework\Scene\ShopScene">
      <UniqueIdentifier>{da038712-106e-4124-913b-eee310a23b02}</UniqueIdentifier>
    </Filter>
    <Filter Include="API_Framework\DesignPattern\ObserverBase">
      <UniqueIdentifier>{5b248128-7acb-4ce2-895a-13ebfd03cf9e}</UniqueIdentifier>
    </Filter>
    <Filter Include="API_Framework\DesignPattern\CommandBase">
      <UniqueIdentifier>{ebe88487-a6f2-470b-abec-cebc46bab00e}</UniqueIdentifier>
    </Filter>
  </ItemGroup>
  <ItemGroup>
    <ClCompile Include="main.cpp" />
    <ClCompile Include="GameNode\GameNode.cpp">
      <Filter>API_Framework\GameNode</Filter>
    </ClCompile>
    <ClCompile Include="GameNode\MainGame\MainGame.cpp">
      <Filter>API_Framework\GameNode\MainGame</Filter>
    </ClCompile>
    <ClCompile Include="Image\Animation\Animation.cpp">
      <Filter>API_Framework\Image\Animation</Filter>
    </ClCompile>
    <ClCompile Include="Image\Animator\Animator.cpp">
      <Filter>API_Framework\Image\Animator</Filter>
    </ClCompile>
    <ClCompile Include="Image\Image.cpp">
      <Filter>API_Framework\Image</Filter>
    </ClCompile>
    <ClCompile Include="Manager\FontManager\FontManager.cpp">
      <Filter>API_Framework\Manager\FontManager</Filter>
    </ClCompile>
    <ClCompile Include="Manager\ImageManager\ImageManager.cpp">
      <Filter>API_Framework\Manager\ImageManager</Filter>
    </ClCompile>
    <ClCompile Include="Manager\KeyManager\KeyManager.cpp">
      <Filter>API_Framework\Manager\KeyManager</Filter>
    </ClCompile>
    <ClCompile Include="StateMachine\PlayerStateMachine\PlayerStateMachine.cpp">
      <Filter>API_Framework\StateMachine\PlayerStateMachine</Filter>
    </ClCompile>
    <ClCompile Include="Stdafx\stdafx.cpp">
      <Filter>API_Framework\Stdafx</Filter>
    </ClCompile>
    <ClCompile Include="Utility\CommonClasses\CommonClasses.cpp">
      <Filter>API_Framework\Utility\CommonClasses</Filter>
    </ClCompile>
    <ClCompile Include="DesignPattern\ComponentBase\Component\Behaviour\MonoBehaviour\MonoBehaviour.cpp">
      <Filter>API_Framework\DesignPattern\ComponentBase\Component\Behaviour\MonoBehaviour</Filter>
    </ClCompile>
    <ClCompile Include="DesignPattern\ComponentBase\Component\Behaviour\Behaviour.cpp">
      <Filter>API_Framework\DesignPattern\ComponentBase\Component\Behaviour</Filter>
    </ClCompile>
    <ClCompile Include="DesignPattern\ComponentBase\Component\RectTransform\RectTransform.cpp">
      <Filter>API_Framework\DesignPattern\ComponentBase\Component\RectTransform</Filter>
    </ClCompile>
    <ClCompile Include="DesignPattern\ComponentBase\Component\Rendered\RenderedImage\RenderedImage.cpp">
      <Filter>API_Framework\DesignPattern\ComponentBase\Component\Rendered\RenderedImage</Filter>
    </ClCompile>
    <ClCompile Include="DesignPattern\ComponentBase\Component\Rendered\Rendered.cpp">
      <Filter>API_Framework\DesignPattern\ComponentBase\Component\Rendered</Filter>
    </ClCompile>
    <ClCompile Include="DesignPattern\ComponentBase\Component\Transform\Transform.cpp">
      <Filter>API_Framework\DesignPattern\ComponentBase\Component\Transform</Filter>
    </ClCompile>
    <ClCompile Include="DesignPattern\ComponentBase\Component\Component.cpp">
      <Filter>API_Framework\DesignPattern\ComponentBase\Component</Filter>
    </ClCompile>
    <ClCompile Include="DesignPattern\ComponentBase\GameObject\GameObject.cpp">
      <Filter>API_Framework\DesignPattern\ComponentBase\GameObject</Filter>
    </ClCompile>
    <ClCompile Include="DesignPattern\ComponentBase\Component\Button\Button.cpp">
      <Filter>API_Framework\DesignPattern\ComponentBase\Component\Button</Filter>
    </ClCompile>
    <ClCompile Include="DesignPattern\ComponentBase\Component\Rendered\RenderedAnimator\RenderedAnimator.cpp">
      <Filter>API_Framework\DesignPattern\ComponentBase\Component\Rendered\RenderedAnimator</Filter>
    </ClCompile>
    <ClCompile Include="Manager\TimeManager\Timer\Timer.cpp">
      <Filter>API_Framework\Manager\TimeManager\Timer</Filter>
    </ClCompile>
    <ClCompile Include="Manager\TimeManager\TimeManager.cpp">
      <Filter>API_Framework\Manager\TimeManager</Filter>
    </ClCompile>
    <ClCompile Include="Manager\SoundManager\SoundManager.cpp">
      <Filter>API_Framework\Manager\SoundManager</Filter>
    </ClCompile>
    <ClCompile Include="Scene\EndScene\EndScene.cpp">
      <Filter>API_Framework\Scene\EndScene</Filter>
    </ClCompile>
    <ClCompile Include="Scene\TitleScene\TitleScene.cpp">
      <Filter>API_Framework\Scene\TitleScene</Filter>
    </ClCompile>
    <ClCompile Include="Manager\SceneManager\SceneManager.cpp">
      <Filter>API_Framework\Manager\SceneManager</Filter>
    </ClCompile>
    <ClCompile Include="Manager\XmlManager\TinyXml\tinyxmlparser.cpp">
      <Filter>API_Framework\Manager\XmlManager\TinyXml</Filter>
    </ClCompile>
    <ClCompile Include="Manager\XmlManager\TinyXml\tinystr.cpp">
      <Filter>API_Framework\Manager\XmlManager\TinyXml</Filter>
    </ClCompile>
    <ClCompile Include="Manager\XmlManager\TinyXml\tinyxml.cpp">
      <Filter>API_Framework\Manager\XmlManager\TinyXml</Filter>
    </ClCompile>
    <ClCompile Include="Manager\XmlManager\TinyXml\tinyxmlerror.cpp">
      <Filter>API_Framework\Manager\XmlManager\TinyXml</Filter>
    </ClCompile>
    <ClCompile Include="Manager\XmlManager\XmlManager.cpp">
      <Filter>API_Framework\Manager\XmlManager</Filter>
    </ClCompile>
    <ClCompile Include="Utility\Constants\Constants.cpp">
      <Filter>API_Framework\Utility\Constants</Filter>
    </ClCompile>
    <ClCompile Include="Utility\Enums\Enums.cpp">
      <Filter>API_Framework\Utility\Enums</Filter>
    </ClCompile>
    <ClCompile Include="Utility\CommonFunction\CommonFunction.cpp">
      <Filter>API_Framework\Utility\CommonFunction</Filter>
    </ClCompile>
    <ClCompile Include="DesignPattern\ComponentBase\Component\Bar\Bar.cpp">
      <Filter>API_Framework\DesignPattern\ComponentBase\Component\Bar</Filter>
    </ClCompile>
    <ClCompile Include="Manager\JsonManager\JsonManager.cpp">
      <Filter>API_Framework\Manager\JsonManager</Filter>
    </ClCompile>
    <ClCompile Include="Scene\Scene.cpp">
      <Filter>API_Framework\Scene</Filter>
    </ClCompile>
    <ClCompile Include="DesignPattern\ComponentBase\Component\Rigidbody\Rigidbody.cpp">
      <Filter>API_Framework\DesignPattern\ComponentBase\Component\Rigidbody</Filter>
    </ClCompile>
    <ClCompile Include="DesignPattern\ComponentBase\Component\Collider\Collider.cpp">
      <Filter>API_Framework\DesignPattern\ComponentBase\Component\Collider</Filter>
    </ClCompile>
    <ClCompile Include="DesignPattern\FactoryMethodBase\FactoryMethod.cpp">
      <Filter>API_Framework\DesignPattern\FactoryMethodBase</Filter>
    </ClCompile>
    <ClCompile Include="DesignPattern\FactoryMethodBase\ProductBase\ConcreteProduct.cpp">
      <Filter>API_Framework\DesignPattern\FactoryMethodBase\ProductBase</Filter>
    </ClCompile>
    <ClCompile Include="Manager\CameraManager\CameraManager.cpp">
      <Filter>API_Framework\Manager\CameraManager</Filter>
    </ClCompile>
    <ClCompile Include="Script\Player\Player.cpp">
      <Filter>API_Framework\Script\Player</Filter>
    </ClCompile>
    <ClCompile Include="Manager\GameDataManager\GameDataManager.cpp">
      <Filter>API_Framework\Manager\GameDataManager</Filter>
    </ClCompile>
    <ClCompile Include="Manager\MapDataManager\MapDataManager.cpp">
      <Filter>API_Framework\Manager\MapDataManager</Filter>
    </ClCompile>
    <ClCompile Include="Scene\TownScene\TownScene.cpp">
      <Filter>API_Framework\Scene\TownScene</Filter>
    </ClCompile>
    <ClCompile Include="Scene\GuildScene\GuildScene.cpp">
      <Filter>API_Framework\Scene\GuildScene</Filter>
    </ClCompile>
    <ClCompile Include="Scene\ShopScene\ShopScene.cpp">
      <Filter>API_Framework\Scene\ShopScene</Filter>
    </ClCompile>
    <ClCompile Include="DesignPattern\ObserverBase\Observer.cpp">
      <Filter>API_Framework\DesignPattern\ObserverBase</Filter>
    </ClCompile>
    <ClCompile Include="DesignPattern\ObserverBase\Subject.cpp">
      <Filter>API_Framework\DesignPattern\ObserverBase</Filter>
    </ClCompile>
    <ClCompile Include="DesignPattern\CommandBase\Command.cpp">
      <Filter>API_Framework\DesignPattern\CommandBase</Filter>
    </ClCompile>
  </ItemGroup>
  <ItemGroup>
    <ClInclude Include="DesignPattern\SingletonBase\SingletonBase.h">
      <Filter>API_Framework\DesignPattern\SingletonBase</Filter>
    </ClInclude>
    <ClInclude Include="GameNode\GameNode.h">
      <Filter>API_Framework\GameNode</Filter>
    </ClInclude>
    <ClInclude Include="GameNode\MainGame\MainGame.h">
      <Filter>API_Framework\GameNode\MainGame</Filter>
    </ClInclude>
    <ClInclude Include="Image\Animation\Animation.h">
      <Filter>API_Framework\Image\Animation</Filter>
    </ClInclude>
    <ClInclude Include="Image\Animator\Animator.h">
      <Filter>API_Framework\Image\Animator</Filter>
    </ClInclude>
    <ClInclude Include="Image\Image.h">
      <Filter>API_Framework\Image</Filter>
    </ClInclude>
    <ClInclude Include="Manager\FontManager\FontManager.h">
      <Filter>API_Framework\Manager\FontManager</Filter>
    </ClInclude>
    <ClInclude Include="Manager\ImageManager\ImageManager.h">
      <Filter>API_Framework\Manager\ImageManager</Filter>
    </ClInclude>
    <ClInclude Include="Manager\KeyManager\KeyManager.h">
      <Filter>API_Framework\Manager\KeyManager</Filter>
    </ClInclude>
    <ClInclude Include="StateMachine\PlayerStateMachine\PlayerStateMachine.h">
      <Filter>API_Framework\StateMachine\PlayerStateMachine</Filter>
    </ClInclude>
    <ClInclude Include="StateMachine\StateMachine.h">
      <Filter>API_Framework\StateMachine</Filter>
    </ClInclude>
    <ClInclude Include="Stdafx\stdafx.h">
      <Filter>API_Framework\Stdafx</Filter>
    </ClInclude>
    <ClInclude Include="Utility\CommonClasses\CommonClasses.h">
      <Filter>API_Framework\Utility\CommonClasses</Filter>
    </ClInclude>
    <ClInclude Include="DesignPattern\ComponentBase\Component\Behaviour\MonoBehaviour\MonoBehaviour.h">
      <Filter>API_Framework\DesignPattern\ComponentBase\Component\Behaviour\MonoBehaviour</Filter>
    </ClInclude>
    <ClInclude Include="DesignPattern\ComponentBase\Component\Behaviour\Behaviour.h">
      <Filter>API_Framework\DesignPattern\ComponentBase\Component\Behaviour</Filter>
    </ClInclude>
    <ClInclude Include="DesignPattern\ComponentBase\Component\RectTransform\RectTransform.h">
      <Filter>API_Framework\DesignPattern\ComponentBase\Component\RectTransform</Filter>
    </ClInclude>
    <ClInclude Include="DesignPattern\ComponentBase\Component\Rendered\RenderedImage\RenderedImage.h">
      <Filter>API_Framework\DesignPattern\ComponentBase\Component\Rendered\RenderedImage</Filter>
    </ClInclude>
    <ClInclude Include="DesignPattern\ComponentBase\Component\Rendered\Rendered.h">
      <Filter>API_Framework\DesignPattern\ComponentBase\Component\Rendered</Filter>
    </ClInclude>
    <ClInclude Include="DesignPattern\ComponentBase\Component\Transform\Transform.h">
      <Filter>API_Framework\DesignPattern\ComponentBase\Component\Transform</Filter>
    </ClInclude>
    <ClInclude Include="DesignPattern\ComponentBase\Component\Component.h">
      <Filter>API_Framework\DesignPattern\ComponentBase\Component</Filter>
    </ClInclude>
    <ClInclude Include="DesignPattern\ComponentBase\GameObject\GameObject.h">
      <Filter>API_Framework\DesignPattern\ComponentBase\GameObject</Filter>
    </ClInclude>
    <ClInclude Include="DesignPattern\ComponentBase\Component\Button\Button.h">
      <Filter>API_Framework\DesignPattern\ComponentBase\Component\Button</Filter>
    </ClInclude>
    <ClInclude Include="DesignPattern\ComponentBase\Component\Rendered\RenderedAnimator\RenderedAnimator.h">
      <Filter>API_Framework\DesignPattern\ComponentBase\Component\Rendered\RenderedAnimator</Filter>
    </ClInclude>
    <ClInclude Include="Manager\TimeManager\Timer\Timer.h">
      <Filter>API_Framework\Manager\TimeManager\Timer</Filter>
    </ClInclude>
    <ClInclude Include="Manager\TimeManager\TimeManager.h">
      <Filter>API_Framework\Manager\TimeManager</Filter>
    </ClInclude>
    <ClInclude Include="Manager\SoundManager\SoundManager.h">
      <Filter>API_Framework\Manager\SoundManager</Filter>
    </ClInclude>
    <ClInclude Include="Scene\EndScene\EndScene.h">
      <Filter>API_Framework\Scene\EndScene</Filter>
    </ClInclude>
    <ClInclude Include="Scene\TitleScene\TitleScene.h">
      <Filter>API_Framework\Scene\TitleScene</Filter>
    </ClInclude>
    <ClInclude Include="Scene\Scene.h">
      <Filter>API_Framework\Scene</Filter>
    </ClInclude>
    <ClInclude Include="Manager\SceneManager\SceneManager.h">
      <Filter>API_Framework\Manager\SceneManager</Filter>
    </ClInclude>
    <ClInclude Include="Manager\XmlManager\TinyXml\tinystr.h">
      <Filter>API_Framework\Manager\XmlManager\TinyXml</Filter>
    </ClInclude>
    <ClInclude Include="Manager\XmlManager\TinyXml\tinyxml.h">
      <Filter>API_Framework\Manager\XmlManager\TinyXml</Filter>
    </ClInclude>
    <ClInclude Include="Manager\XmlManager\XmlManager.h">
      <Filter>API_Framework\Manager\XmlManager</Filter>
    </ClInclude>
    <ClInclude Include="Utility\Constants\Constants.h">
      <Filter>API_Framework\Utility\Constants</Filter>
    </ClInclude>
    <ClInclude Include="Utility\Enums\Enums.h">
      <Filter>API_Framework\Utility\Enums</Filter>
    </ClInclude>
    <ClInclude Include="Utility\RandomFunction\RandomFunction.h">
      <Filter>API_Framework\Utility\RandomFunction</Filter>
    </ClInclude>
    <ClInclude Include="Utility\CommonFunction\CommonFunction.h">
      <Filter>API_Framework\Utility\CommonFunction</Filter>
    </ClInclude>
    <ClInclude Include="DesignPattern\ComponentBase\Component\Bar\Bar.h">
      <Filter>API_Framework\DesignPattern\ComponentBase\Component\Bar</Filter>
    </ClInclude>
    <ClInclude Include="Manager\JsonManager\JsonManager.h">
      <Filter>API_Framework\Manager\JsonManager</Filter>
    </ClInclude>
    <ClInclude Include="DesignPattern\ComponentBase\Component\Rigidbody\Rigidbody.h">
      <Filter>API_Framework\DesignPattern\ComponentBase\Component\Rigidbody</Filter>
    </ClInclude>
    <ClInclude Include="DesignPattern\ComponentBase\Component\Collider\Collider.h">
      <Filter>API_Framework\DesignPattern\ComponentBase\Component\Collider</Filter>
    </ClInclude>
    <ClInclude Include="DesignPattern\FactoryMethodBase\FactoryMethod.h">
      <Filter>API_Framework\DesignPattern\FactoryMethodBase</Filter>
    </ClInclude>
    <ClInclude Include="DesignPattern\FactoryMethodBase\FactoryMethodBase.h">
      <Filter>API_Framework\DesignPattern\FactoryMethodBase</Filter>
    </ClInclude>
    <ClInclude Include="DesignPattern\FactoryMethodBase\ProductBase\ConcreteProduct.h">
      <Filter>API_Framework\DesignPattern\FactoryMethodBase\ProductBase</Filter>
    </ClInclude>
    <ClInclude Include="DesignPattern\FactoryMethodBase\ProductBase\ProductBase.h">
      <Filter>API_Framework\DesignPattern\FactoryMethodBase\ProductBase</Filter>
    </ClInclude>
    <ClInclude Include="Manager\CameraManager\CameraManager.h">
      <Filter>API_Framework\Manager\CameraManager</Filter>
    </ClInclude>
    <ClInclude Include="Script\Player\Player.h">
      <Filter>API_Framework\Script\Player</Filter>
    </ClInclude>
    <ClInclude Include="Manager\GameDataManager\GameDataManager.h">
      <Filter>API_Framework\Manager\GameDataManager</Filter>
    </ClInclude>
    <ClInclude Include="Manager\MapDataManager\MapDataManager.h">
      <Filter>API_Framework\Manager\MapDataManager</Filter>
    </ClInclude>
    <ClInclude Include="Scene\TownScene\TownScene.h">
      <Filter>API_Framework\Scene\TownScene</Filter>
    </ClInclude>
    <ClInclude Include="Scene\GuildScene\GuildScene.h">
      <Filter>API_Framework\Scene\GuildScene</Filter>
    </ClInclude>
    <ClInclude Include="Scene\ShopScene\ShopScene.h">
      <Filter>API_Framework\Scene\ShopScene</Filter>
    </ClInclude>
    <ClInclude Include="DesignPattern\ObserverBase\Observer.h">
      <Filter>API_Framework\DesignPattern\ObserverBase</Filter>
    </ClInclude>
    <ClInclude Include="DesignPattern\ObserverBase\Subject.h">
      <Filter>API_Framework\DesignPattern\ObserverBase</Filter>
    </ClInclude>
    <ClInclude Include="DesignPattern\CommandBase\Command.h">
      <Filter>API_Framework\DesignPattern\CommandBase</Filter>
    </ClInclude>
  </ItemGroup>
  <ItemGroup>
    <None Include="ClassDiagram.cd" />
  </ItemGroup>
</Project>